{
  "name": "remote-terminal",
  "version": "1.0.0",
  "lockfileVersion": 2,
  "requires": true,
  "packages": {
    "": {
      "version": "1.0.0",
      "license": "MIT",
      "dependencies": {
        "node-pty": "latest",
        "total4": "^0.0.40"
      }
    },
    "node_modules/nan": {
      "version": "2.14.2",
      "resolved": "https://registry.npmjs.org/nan/-/nan-2.14.2.tgz",
      "integrity": "sha512-M2ufzIiINKCuDfBSAUr1vWQ+vuVcA9kqx8JJUsbQi6yf1uGRyb7HfpdfUr5qLXf3B/t8dPvcjhKMmlfnP47EzQ=="
    },
    "node_modules/node-pty": {
      "version": "0.10.1",
      "resolved": "https://registry.npmjs.org/node-pty/-/node-pty-0.10.1.tgz",
      "integrity": "sha512-JTdtUS0Im/yRsWJSx7yiW9rtpfmxqxolrtnyKwPLI+6XqTAPW/O2MjS8FYL4I5TsMbH2lVgDb2VMjp+9LoQGNg==",
      "hasInstallScript": true,
      "dependencies": {
        "nan": "^2.14.0"
      }
    },
    "node_modules/total4": {
      "version": "0.0.40",
      "resolved": "https://registry.npmjs.org/total4/-/total4-0.0.40.tgz",
      "integrity": "sha512-kxA2+m6R5FLCW2NwcQKI3hS5nobymPgg7ci493i5qGCbdZYg0Nk/mvt7Wq66CIwxL2I7Uj7pnubTWRBcX2Ycaw==",
      "bin": {
        "total4": "bin/total4"
      }
    }
  },
  "dependencies": {
    "nan": {
      "version": "2.14.2",
      "resolved": "https://registry.npmjs.org/nan/-/nan-2.14.2.tgz",
      "integrity": "sha512-M2ufzIiINKCuDfBSAUr1vWQ+vuVcA9kqx8JJUsbQi6yf1uGRyb7HfpdfUr5qLXf3B/t8dPvcjhKMmlfnP47EzQ=="
    },
    "node-pty": {
      "version": "0.10.1",
      "resolved": "https://registry.npmjs.org/node-pty/-/node-pty-0.10.1.tgz",
      "integrity": "sha512-JTdtUS0Im/yRsWJSx7yiW9rtpfmxqxolrtnyKwPLI+6XqTAPW/O2MjS8FYL4I5TsMbH2lVgDb2VMjp+9LoQGNg==",
      "requires": {
        "nan": "^2.14.0"
      }
    },
    "total4": {
      "version": "0.0.40",
      "resolved": "https://registry.npmjs.org/total4/-/total4-0.0.40.tgz",
      "integrity": "sha512-kxA2+m6R5FLCW2NwcQKI3hS5nobymPgg7ci493i5qGCbdZYg0Nk/mvt7Wq66CIwxL2I7Uj7pnubTWRBcX2Ycaw=="
    }
  }
}
